// !$*UTF8*$!
{
	archiveVersion = 1;
	classes = {
	};
	objectVersion = 55;
	objects = {

/* Begin PBXBuildFile section */
		26B2CF0D26D5A4400080F222 /* TwitterSpacesSearchApp.swift in Sources */ = {isa = PBXBuildFile; fileRef = 26B2CF0C26D5A4400080F222 /* TwitterSpacesSearchApp.swift */; };
		26B2CF0F26D5A4400080F222 /* ContentView.swift in Sources */ = {isa = PBXBuildFile; fileRef = 26B2CF0E26D5A4400080F222 /* ContentView.swift */; };
		26B2CF1126D5A4410080F222 /* Assets.xcassets in Resources */ = {isa = PBXBuildFile; fileRef = 26B2CF1026D5A4410080F222 /* Assets.xcassets */; };
		26B2CF1426D5A4410080F222 /* Preview Assets.xcassets in Resources */ = {isa = PBXBuildFile; fileRef = 26B2CF1326D5A4410080F222 /* Preview Assets.xcassets */; };
		26B2CF1E26D5A4410080F222 /* TwitterSpacesSearchTests.swift in Sources */ = {isa = PBXBuildFile; fileRef = 26B2CF1D26D5A4410080F222 /* TwitterSpacesSearchTests.swift */; };
		26B2CF2826D5A4410080F222 /* TwitterSpacesSearchUITests.swift in Sources */ = {isa = PBXBuildFile; fileRef = 26B2CF2726D5A4410080F222 /* TwitterSpacesSearchUITests.swift */; };
		26B2CF2A26D5A4410080F222 /* TwitterSpacesSearchUITestsLaunchTests.swift in Sources */ = {isa = PBXBuildFile; fileRef = 26B2CF2926D5A4410080F222 /* TwitterSpacesSearchUITestsLaunchTests.swift */; };
		26B2CF4726D5A98E0080F222 /* Secret.generated.swift in Sources */ = {isa = PBXBuildFile; fileRef = 26B2CF4626D5A98E0080F222 /* Secret.generated.swift */; };
		26B2CF4926D5AB620080F222 /* TwitterSearchClient.swift in Sources */ = {isa = PBXBuildFile; fileRef = 26B2CF4826D5AB620080F222 /* TwitterSearchClient.swift */; };
/* End PBXBuildFile section */

/* Begin PBXContainerItemProxy section */
		26B2CF1A26D5A4410080F222 /* PBXContainerItemProxy */ = {
			isa = PBXContainerItemProxy;
			containerPortal = 26B2CF0126D5A4400080F222 /* Project object */;
			proxyType = 1;
			remoteGlobalIDString = 26B2CF0826D5A4400080F222;
			remoteInfo = TwitterSpacesSearch;
		};
		26B2CF2426D5A4410080F222 /* PBXContainerItemProxy */ = {
			isa = PBXContainerItemProxy;
			containerPortal = 26B2CF0126D5A4400080F222 /* Project object */;
			proxyType = 1;
			remoteGlobalIDString = 26B2CF0826D5A4400080F222;
			remoteInfo = TwitterSpacesSearch;
		};
/* End PBXContainerItemProxy section */

/* Begin PBXFileReference section */
		26B2CF0926D5A4400080F222 /* TwitterSpacesSearch.app */ = {isa = PBXFileReference; explicitFileType = wrapper.application; includeInIndex = 0; path = TwitterSpacesSearch.app; sourceTree = BUILT_PRODUCTS_DIR; };
		26B2CF0C26D5A4400080F222 /* TwitterSpacesSearchApp.swift */ = {isa = PBXFileReference; lastKnownFileType = sourcecode.swift; path = TwitterSpacesSearchApp.swift; sourceTree = "<group>"; };
		26B2CF0E26D5A4400080F222 /* ContentView.swift */ = {isa = PBXFileReference; lastKnownFileType = sourcecode.swift; path = ContentView.swift; sourceTree = "<group>"; };
		26B2CF1026D5A4410080F222 /* Assets.xcassets */ = {isa = PBXFileReference; lastKnownFileType = folder.assetcatalog; path = Assets.xcassets; sourceTree = "<group>"; };
		26B2CF1326D5A4410080F222 /* Preview Assets.xcassets */ = {isa = PBXFileReference; lastKnownFileType = folder.assetcatalog; path = "Preview Assets.xcassets"; sourceTree = "<group>"; };
		26B2CF1926D5A4410080F222 /* TwitterSpacesSearchTests.xctest */ = {isa = PBXFileReference; explicitFileType = wrapper.cfbundle; includeInIndex = 0; path = TwitterSpacesSearchTests.xctest; sourceTree = BUILT_PRODUCTS_DIR; };
		26B2CF1D26D5A4410080F222 /* TwitterSpacesSearchTests.swift */ = {isa = PBXFileReference; lastKnownFileType = sourcecode.swift; path = TwitterSpacesSearchTests.swift; sourceTree = "<group>"; };
		26B2CF2326D5A4410080F222 /* TwitterSpacesSearchUITests.xctest */ = {isa = PBXFileReference; explicitFileType = wrapper.cfbundle; includeInIndex = 0; path = TwitterSpacesSearchUITests.xctest; sourceTree = BUILT_PRODUCTS_DIR; };
		26B2CF2726D5A4410080F222 /* TwitterSpacesSearchUITests.swift */ = {isa = PBXFileReference; lastKnownFileType = sourcecode.swift; path = TwitterSpacesSearchUITests.swift; sourceTree = "<group>"; };
		26B2CF2926D5A4410080F222 /* TwitterSpacesSearchUITestsLaunchTests.swift */ = {isa = PBXFileReference; lastKnownFileType = sourcecode.swift; path = TwitterSpacesSearchUITestsLaunchTests.swift; sourceTree = "<group>"; };
		26B2CF4626D5A98E0080F222 /* Secret.generated.swift */ = {isa = PBXFileReference; fileEncoding = 4; lastKnownFileType = sourcecode.swift; name = Secret.generated.swift; path = Generated/Secret.generated.swift; sourceTree = SOURCE_ROOT; };
		26B2CF4826D5AB620080F222 /* TwitterSearchClient.swift */ = {isa = PBXFileReference; lastKnownFileType = sourcecode.swift; path = TwitterSearchClient.swift; sourceTree = "<group>"; };
/* End PBXFileReference section */

/* Begin PBXFrameworksBuildPhase section */
		26B2CF0626D5A4400080F222 /* Frameworks */ = {
			isa = PBXFrameworksBuildPhase;
			buildActionMask = 2147483647;
			files = (
			);
			runOnlyForDeploymentPostprocessing = 0;
		};
		26B2CF1626D5A4410080F222 /* Frameworks */ = {
			isa = PBXFrameworksBuildPhase;
			buildActionMask = 2147483647;
			files = (
			);
			runOnlyForDeploymentPostprocessing = 0;
		};
		26B2CF2026D5A4410080F222 /* Frameworks */ = {
			isa = PBXFrameworksBuildPhase;
			buildActionMask = 2147483647;
			files = (
			);
			runOnlyForDeploymentPostprocessing = 0;
		};
/* End PBXFrameworksBuildPhase section */

/* Begin PBXGroup section */
		26B2CF0026D5A4400080F222 = {
			isa = PBXGroup;
			children = (
				26B2CF0B26D5A4400080F222 /* TwitterSpacesSearch */,
				26B2CF1C26D5A4410080F222 /* TwitterSpacesSearchTests */,
				26B2CF2626D5A4410080F222 /* TwitterSpacesSearchUITests */,
				26B2CF0A26D5A4400080F222 /* Products */,
			);
			sourceTree = "<group>";
		};
		26B2CF0A26D5A4400080F222 /* Products */ = {
			isa = PBXGroup;
			children = (
				26B2CF0926D5A4400080F222 /* TwitterSpacesSearch.app */,
				26B2CF1926D5A4410080F222 /* TwitterSpacesSearchTests.xctest */,
				26B2CF2326D5A4410080F222 /* TwitterSpacesSearchUITests.xctest */,
			);
			name = Products;
			sourceTree = "<group>";
		};
		26B2CF0B26D5A4400080F222 /* TwitterSpacesSearch */ = {
			isa = PBXGroup;
			children = (
				26B2CF4626D5A98E0080F222 /* Secret.generated.swift */,
				26B2CF0C26D5A4400080F222 /* TwitterSpacesSearchApp.swift */,
				26B2CF0E26D5A4400080F222 /* ContentView.swift */,
				26B2CF1026D5A4410080F222 /* Assets.xcassets */,
				26B2CF1226D5A4410080F222 /* Preview Content */,
				26B2CF4826D5AB620080F222 /* TwitterSearchClient.swift */,
			);
			path = TwitterSpacesSearch;
			sourceTree = "<group>";
		};
		26B2CF1226D5A4410080F222 /* Preview Content */ = {
			isa = PBXGroup;
			children = (
				26B2CF1326D5A4410080F222 /* Preview Assets.xcassets */,
			);
			path = "Preview Content";
			sourceTree = "<group>";
		};
		26B2CF1C26D5A4410080F222 /* TwitterSpacesSearchTests */ = {
			isa = PBXGroup;
			children = (
				26B2CF1D26D5A4410080F222 /* TwitterSpacesSearchTests.swift */,
			);
			path = TwitterSpacesSearchTests;
			sourceTree = "<group>";
		};
		26B2CF2626D5A4410080F222 /* TwitterSpacesSearchUITests */ = {
			isa = PBXGroup;
			children = (
				26B2CF2726D5A4410080F222 /* TwitterSpacesSearchUITests.swift */,
				26B2CF2926D5A4410080F222 /* TwitterSpacesSearchUITestsLaunchTests.swift */,
			);
			path = TwitterSpacesSearchUITests;
			sourceTree = "<group>";
		};
/* End PBXGroup section */

/* Begin PBXNativeTarget section */
		26B2CF0826D5A4400080F222 /* TwitterSpacesSearch */ = {
			isa = PBXNativeTarget;
			buildConfigurationList = 26B2CF2D26D5A4410080F222 /* Build configuration list for PBXNativeTarget "TwitterSpacesSearch" */;
			buildPhases = (
				26B2CF3926D5A8F70080F222 /* Add Twitter API by sourcery */,
				26B2CF0526D5A4400080F222 /* Sources */,
				26B2CF0626D5A4400080F222 /* Frameworks */,
				26B2CF0726D5A4400080F222 /* Resources */,
			);
			buildRules = (
			);
			dependencies = (
			);
			name = TwitterSpacesSearch;
			packageProductDependencies = (
			);
			productName = TwitterSpacesSearch;
			productReference = 26B2CF0926D5A4400080F222 /* TwitterSpacesSearch.app */;
			productType = "com.apple.product-type.application";
		};
		26B2CF1826D5A4410080F222 /* TwitterSpacesSearchTests */ = {
			isa = PBXNativeTarget;
			buildConfigurationList = 26B2CF3026D5A4410080F222 /* Build configuration list for PBXNativeTarget "TwitterSpacesSearchTests" */;
			buildPhases = (
				26B2CF1526D5A4410080F222 /* Sources */,
				26B2CF1626D5A4410080F222 /* Frameworks */,
				26B2CF1726D5A4410080F222 /* Resources */,
			);
			buildRules = (
			);
			dependencies = (
				26B2CF1B26D5A4410080F222 /* PBXTargetDependency */,
			);
			name = TwitterSpacesSearchTests;
			productName = TwitterSpacesSearchTests;
			productReference = 26B2CF1926D5A4410080F222 /* TwitterSpacesSearchTests.xctest */;
			productType = "com.apple.product-type.bundle.unit-test";
		};
		26B2CF2226D5A4410080F222 /* TwitterSpacesSearchUITests */ = {
			isa = PBXNativeTarget;
			buildConfigurationList = 26B2CF3326D5A4410080F222 /* Build configuration list for PBXNativeTarget "TwitterSpacesSearchUITests" */;
			buildPhases = (
				26B2CF1F26D5A4410080F222 /* Sources */,
				26B2CF2026D5A4410080F222 /* Frameworks */,
				26B2CF2126D5A4410080F222 /* Resources */,
			);
			buildRules = (
			);
			dependencies = (
				26B2CF2526D5A4410080F222 /* PBXTargetDependency */,
			);
			name = TwitterSpacesSearchUITests;
			productName = TwitterSpacesSearchUITests;
			productReference = 26B2CF2326D5A4410080F222 /* TwitterSpacesSearchUITests.xctest */;
			productType = "com.apple.product-type.bundle.ui-testing";
		};
/* End PBXNativeTarget section */

/* Begin PBXProject section */
		26B2CF0126D5A4400080F222 /* Project object */ = {
			isa = PBXProject;
			attributes = {
				BuildIndependentTargetsInParallel = 1;
				LastSwiftUpdateCheck = 1300;
				LastUpgradeCheck = 1300;
				TargetAttributes = {
					26B2CF0826D5A4400080F222 = {
						CreatedOnToolsVersion = 13.0;
					};
					26B2CF1826D5A4410080F222 = {
						CreatedOnToolsVersion = 13.0;
						TestTargetID = 26B2CF0826D5A4400080F222;
					};
					26B2CF2226D5A4410080F222 = {
						CreatedOnToolsVersion = 13.0;
						TestTargetID = 26B2CF0826D5A4400080F222;
					};
				};
			};
			buildConfigurationList = 26B2CF0426D5A4400080F222 /* Build configuration list for PBXProject "TwitterSpacesSearch" */;
			compatibilityVersion = "Xcode 13.0";
			developmentRegion = en;
			hasScannedForEncodings = 0;
			knownRegions = (
				en,
				Base,
			);
			mainGroup = 26B2CF0026D5A4400080F222;
			packageReferences = (
			);
			productRefGroup = 26B2CF0A26D5A4400080F222 /* Products */;
			projectDirPath = "";
			projectRoot = "";
			targets = (
				26B2CF0826D5A4400080F222 /* TwitterSpacesSearch */,
				26B2CF1826D5A4410080F222 /* TwitterSpacesSearchTests */,
				26B2CF2226D5A4410080F222 /* TwitterSpacesSearchUITests */,
			);
		};
/* End PBXProject section */

/* Begin PBXResourcesBuildPhase section */
		26B2CF0726D5A4400080F222 /* Resources */ = {
			isa = PBXResourcesBuildPhase;
			buildActionMask = 2147483647;
			files = (
				26B2CF1426D5A4410080F222 /* Preview Assets.xcassets in Resources */,
				26B2CF1126D5A4410080F222 /* Assets.xcassets in Resources */,
			);
			runOnlyForDeploymentPostprocessing = 0;
		};
		26B2CF1726D5A4410080F222 /* Resources */ = {
			isa = PBXResourcesBuildPhase;
			buildActionMask = 2147483647;
			files = (
			);
			runOnlyForDeploymentPostprocessing = 0;
		};
		26B2CF2126D5A4410080F222 /* Resources */ = {
			isa = PBXResourcesBuildPhase;
			buildActionMask = 2147483647;
			files = (
			);
			runOnlyForDeploymentPostprocessing = 0;
		};
/* End PBXResourcesBuildPhase section */

/* Begin PBXShellScriptBuildPhase section */
		26B2CF3926D5A8F70080F222 /* Add Twitter API by sourcery */ = {
			isa = PBXShellScriptBuildPhase;
			buildActionMask = 2147483647;
			files = (
			);
			inputFileListPaths = (
			);
			inputPaths = (
			);
			name = "Add Twitter API by sourcery";
			outputFileListPaths = (
			);
			outputPaths = (
			);
			runOnlyForDeploymentPostprocessing = 0;
			shellPath = /bin/sh;
			shellScript = "# mkdir -p Sourcery\n# sourcery --config .sourcery.secret.yml\n";
		};
/* End PBXShellScriptBuildPhase section */

/* Begin PBXSourcesBuildPhase section */
		26B2CF0526D5A4400080F222 /* Sources */ = {
			isa = PBXSourcesBuildPhase;
			buildActionMask = 2147483647;
			files = (
				26B2CF4926D5AB620080F222 /* TwitterSearchClient.swift in Sources */,
				26B2CF4726D5A98E0080F222 /* Secret.generated.swift in Sources */,
				26B2CF0F26D5A4400080F222 /* ContentView.swift in Sources */,
				26B2CF0D26D5A4400080F222 /* TwitterSpacesSearchApp.swift in Sources */,
			);
			runOnlyForDeploymentPostprocessing = 0;
		};
		26B2CF1526D5A4410080F222 /* Sources */ = {
			isa = PBXSourcesBuildPhase;
			buildActionMask = 2147483647;
			files = (
				26B2CF1E26D5A4410080F222 /* TwitterSpacesSearchTests.swift in Sources */,
			);
			runOnlyForDeploymentPostprocessing = 0;
		};
		26B2CF1F26D5A4410080F222 /* Sources */ = {
			isa = PBXSourcesBuildPhase;
			buildActionMask = 2147483647;
			files = (
				26B2CF2826D5A4410080F222 /* TwitterSpacesSearchUITests.swift in Sources */,
				26B2CF2A26D5A4410080F222 /* TwitterSpacesSearchUITestsLaunchTests.swift in Sources */,
			);
			runOnlyForDeploymentPostprocessing = 0;
		};
/* End PBXSourcesBuildPhase section */

/* Begin PBXTargetDependency section */
		26B2CF1B26D5A4410080F222 /* PBXTargetDependency */ = {
			isa = PBXTargetDependency;
			target = 26B2CF0826D5A4400080F222 /* TwitterSpacesSearch */;
			targetProxy = 26B2CF1A26D5A4410080F222 /* PBXContainerItemProxy */;
		};
		26B2CF2526D5A4410080F222 /* PBXTargetDependency */ = {
			isa = PBXTargetDependency;
			target = 26B2CF0826D5A4400080F222 /* TwitterSpacesSearch */;
			targetProxy = 26B2CF2426D5A4410080F222 /* PBXContainerItemProxy */;
		};
/* End PBXTargetDependency section */

/* Begin XCBuildConfiguration section */
		26B2CF2B26D5A4410080F222 /* Debug */ = {
			isa = XCBuildConfiguration;
			buildSettings = {
				ALWAYS_SEARCH_USER_PATHS = NO;
				CLANG_ANALYZER_NONNULL = YES;
				CLANG_ANALYZER_NUMBER_OBJECT_CONVERSION = YES_AGGRESSIVE;
				CLANG_CXX_LANGUAGE_STANDARD = "gnu++17";
				CLANG_CXX_LIBRARY = "libc++";
				CLANG_ENABLE_MODULES = YES;
				CLANG_ENABLE_OBJC_ARC = YES;
				CLANG_ENABLE_OBJC_WEAK = YES;
				CLANG_WARN_BLOCK_CAPTURE_AUTORELEASING = YES;
				CLANG_WARN_BOOL_CONVERSION = YES;
				CLANG_WARN_COMMA = YES;
				CLANG_WARN_CONSTANT_CONVERSION = YES;
				CLANG_WARN_DEPRECATED_OBJC_IMPLEMENTATIONS = YES;
				CLANG_WARN_DIRECT_OBJC_ISA_USAGE = YES_ERROR;
				CLANG_WARN_DOCUMENTATION_COMMENTS = YES;
				CLANG_WARN_EMPTY_BODY = YES;
				CLANG_WARN_ENUM_CONVERSION = YES;
				CLANG_WARN_INFINITE_RECURSION = YES;
				CLANG_WARN_INT_CONVERSION = YES;
				CLANG_WARN_NON_LITERAL_NULL_CONVERSION = YES;
				CLANG_WARN_OBJC_IMPLICIT_RETAIN_SELF = YES;
				CLANG_WARN_OBJC_LITERAL_CONVERSION = YES;
				CLANG_WARN_OBJC_ROOT_CLASS = YES_ERROR;
				CLANG_WARN_QUOTED_INCLUDE_IN_FRAMEWORK_HEADER = YES;
				CLANG_WARN_RANGE_LOOP_ANALYSIS = YES;
				CLANG_WARN_STRICT_PROTOTYPES = YES;
				CLANG_WARN_SUSPICIOUS_MOVE = YES;
				CLANG_WARN_UNGUARDED_AVAILABILITY = YES_AGGRESSIVE;
				CLANG_WARN_UNREACHABLE_CODE = YES;
				CLANG_WARN__DUPLICATE_METHOD_MATCH = YES;
				COPY_PHASE_STRIP = NO;
				DEBUG_INFORMATION_FORMAT = dwarf;
				ENABLE_STRICT_OBJC_MSGSEND = YES;
				ENABLE_TESTABILITY = YES;
				GCC_C_LANGUAGE_STANDARD = gnu11;
				GCC_DYNAMIC_NO_PIC = NO;
				GCC_NO_COMMON_BLOCKS = YES;
				GCC_OPTIMIZATION_LEVEL = 0;
				GCC_PREPROCESSOR_DEFINITIONS = (
					"DEBUG=1",
					"$(inherited)",
				);
				GCC_WARN_64_TO_32_BIT_CONVERSION = YES;
				GCC_WARN_ABOUT_RETURN_TYPE = YES_ERROR;
				GCC_WARN_UNDECLARED_SELECTOR = YES;
				GCC_WARN_UNINITIALIZED_AUTOS = YES_AGGRESSIVE;
				GCC_WARN_UNUSED_FUNCTION = YES;
				GCC_WARN_UNUSED_VARIABLE = YES;
				IPHONEOS_DEPLOYMENT_TARGET = 15.0;
				MTL_ENABLE_DEBUG_INFO = INCLUDE_SOURCE;
				MTL_FAST_MATH = YES;
				ONLY_ACTIVE_ARCH = YES;
				SDKROOT = iphoneos;
				SWIFT_ACTIVE_COMPILATION_CONDITIONS = DEBUG;
				SWIFT_OPTIMIZATION_LEVEL = "-Onone";
			};
			name = Debug;
		};
		26B2CF2C26D5A4410080F222 /* Release */ = {
			isa = XCBuildConfiguration;
			buildSettings = {
				ALWAYS_SEARCH_USER_PATHS = NO;
				CLANG_ANALYZER_NONNULL = YES;
				CLANG_ANALYZER_NUMBER_OBJECT_CONVERSION = YES_AGGRESSIVE;
				CLANG_CXX_LANGUAGE_STANDARD = "gnu++17";
				CLANG_CXX_LIBRARY = "libc++";
				CLANG_ENABLE_MODULES = YES;
				CLANG_ENABLE_OBJC_ARC = YES;
				CLANG_ENABLE_OBJC_WEAK = YES;
				CLANG_WARN_BLOCK_CAPTURE_AUTORELEASING = YES;
				CLANG_WARN_BOOL_CONVERSION = YES;
				CLANG_WARN_COMMA = YES;
				CLANG_WARN_CONSTANT_CONVERSION = YES;
				CLANG_WARN_DEPRECATED_OBJC_IMPLEMENTATIONS = YES;
				CLANG_WARN_DIRECT_OBJC_ISA_USAGE = YES_ERROR;
				CLANG_WARN_DOCUMENTATION_COMMENTS = YES;
				CLANG_WARN_EMPTY_BODY = YES;
				CLANG_WARN_ENUM_CONVERSION = YES;
				CLANG_WARN_INFINITE_RECURSION = YES;
				CLANG_WARN_INT_CONVERSION = YES;
				CLANG_WARN_NON_LITERAL_NULL_CONVERSION = YES;
				CLANG_WARN_OBJC_IMPLICIT_RETAIN_SELF = YES;
				CLANG_WARN_OBJC_LITERAL_CONVERSION = YES;
				CLANG_WARN_OBJC_ROOT_CLASS = YES_ERROR;
				CLANG_WARN_QUOTED_INCLUDE_IN_FRAMEWORK_HEADER = YES;
				CLANG_WARN_RANGE_LOOP_ANALYSIS = YES;
				CLANG_WARN_STRICT_PROTOTYPES = YES;
				CLANG_WARN_SUSPICIOUS_MOVE = YES;
				CLANG_WARN_UNGUARDED_AVAILABILITY = YES_AGGRESSIVE;
				CLANG_WARN_UNREACHABLE_CODE = YES;
				CLANG_WARN__DUPLICATE_METHOD_MATCH = YES;
				COPY_PHASE_STRIP = NO;
				DEBUG_INFORMATION_FORMAT = "dwarf-with-dsym";
				ENABLE_NS_ASSERTIONS = NO;
				ENABLE_STRICT_OBJC_MSGSEND = YES;
				GCC_C_LANGUAGE_STANDARD = gnu11;
				GCC_NO_COMMON_BLOCKS = YES;
				GCC_WARN_64_TO_32_BIT_CONVERSION = YES;
				GCC_WARN_ABOUT_RETURN_TYPE = YES_ERROR;
				GCC_WARN_UNDECLARED_SELECTOR = YES;
				GCC_WARN_UNINITIALIZED_AUTOS = YES_AGGRESSIVE;
				GCC_WARN_UNUSED_FUNCTION = YES;
				GCC_WARN_UNUSED_VARIABLE = YES;
				IPHONEOS_DEPLOYMENT_TARGET = 15.0;
				MTL_ENABLE_DEBUG_INFO = NO;
				MTL_FAST_MATH = YES;
				SDKROOT = iphoneos;
				SWIFT_COMPILATION_MODE = wholemodule;
				SWIFT_OPTIMIZATION_LEVEL = "-O";
				VALIDATE_PRODUCT = YES;
			};
			name = Release;
		};
		26B2CF2E26D5A4410080F222 /* Debug */ = {
			isa = XCBuildConfiguration;
			buildSettings = {
				ASSETCATALOG_COMPILER_APPICON_NAME = AppIcon;
				ASSETCATALOG_COMPILER_GLOBAL_ACCENT_COLOR_NAME = AccentColor;
				CODE_SIGN_STYLE = Automatic;
				CURRENT_PROJECT_VERSION = 1;
				DEVELOPMENT_ASSET_PATHS = "\"TwitterSpacesSearch/Preview Content\"";
				DEVELOPMENT_TEAM = GCXLS66975;
				ENABLE_PREVIEWS = YES;
				GENERATE_INFOPLIST_FILE = YES;
				INFOPLIST_KEY_UIApplicationSceneManifest_Generation = YES;
				INFOPLIST_KEY_UIApplicationSupportsIndirectInputEvents = YES;
				INFOPLIST_KEY_UILaunchScreen_Generation = YES;
				INFOPLIST_KEY_UISupportedInterfaceOrientations_iPad = "UIInterfaceOrientationPortrait UIInterfaceOrientationPortraitUpsideDown UIInterfaceOrientationLandscapeLeft UIInterfaceOrientationLandscapeRight";
				INFOPLIST_KEY_UISupportedInterfaceOrientations_iPhone = "UIInterfaceOrientationPortrait UIInterfaceOrientationLandscapeLeft UIInterfaceOrientationLandscapeRight";
				IPHONEOS_DEPLOYMENT_TARGET = 15.0;
				LD_RUNPATH_SEARCH_PATHS = (
					"$(inherited)",
					"@executable_path/Frameworks",
				);
				MARKETING_VERSION = 1.0;
				PRODUCT_BUNDLE_IDENTIFIER = dev.mtfum.TwitterSpacesSearch;
				PRODUCT_NAME = "$(TARGET_NAME)";
				SWIFT_EMIT_LOC_STRINGS = YES;
				SWIFT_VERSION = 5.0;
				TARGETED_DEVICE_FAMILY = "1,2";
			};
			name = Debug;
		};
		26B2CF2F26D5A4410080F222 /* Release */ = {
			isa = XCBuildConfiguration;
			buildSettings = {
				ASSETCATALOG_COMPILER_APPICON_NAME = AppIcon;
				ASSETCATALOG_COMPILER_GLOBAL_ACCENT_COLOR_NAME = AccentColor;
				CODE_SIGN_STYLE = Automatic;
				CURRENT_PROJECT_VERSION = 1;
				DEVELOPMENT_ASSET_PATHS = "\"TwitterSpacesSearch/Preview Content\"";
				DEVELOPMENT_TEAM = GCXLS66975;
				ENABLE_PREVIEWS = YES;
				GENERATE_INFOPLIST_FILE = YES;
				INFOPLIST_KEY_UIApplicationSceneManifest_Generation = YES;
				INFOPLIST_KEY_UIApplicationSupportsIndirectInputEvents = YES;
				INFOPLIST_KEY_UILaunchScreen_Generation = YES;
				INFOPLIST_KEY_UISupportedInterfaceOrientations_iPad = "UIInterfaceOrientationPortrait UIInterfaceOrientationPortraitUpsideDown UIInterfaceOrientationLandscapeLeft UIInterfaceOrientationLandscapeRight";
				INFOPLIST_KEY_UISupportedInterfaceOrientations_iPhone = "UIInterfaceOrientationPortrait UIInterfaceOrientationLandscapeLeft UIInterfaceOrientationLandscapeRight";
				IPHONEOS_DEPLOYMENT_TARGET = 15.0;
				LD_RUNPATH_SEARCH_PATHS = (
					"$(inherited)",
					"@executable_path/Frameworks",
				);
				MARKETING_VERSION = 1.0;
				PRODUCT_BUNDLE_IDENTIFIER = dev.mtfum.TwitterSpacesSearch;
				PRODUCT_NAME = "$(TARGET_NAME)";
				SWIFT_EMIT_LOC_STRINGS = YES;
				SWIFT_VERSION = 5.0;
				TARGETED_DEVICE_FAMILY = "1,2";
			};
			name = Release;
		};
		26B2CF3126D5A4410080F222 /* Debug */ = {
			isa = XCBuildConfiguration;
			buildSettings = {
				ALWAYS_EMBED_SWIFT_STANDARD_LIBRARIES = YES;
				BUNDLE_LOADER = "$(TEST_HOST)";
				CODE_SIGN_STYLE = Automatic;
				CURRENT_PROJECT_VERSION = 1;
				DEVELOPMENT_TEAM = GCXLS66975;
				GENERATE_INFOPLIST_FILE = YES;
				IPHONEOS_DEPLOYMENT_TARGET = 14.0;
				LD_RUNPATH_SEARCH_PATHS = (
					"$(inherited)",
					"@executable_path/Frameworks",
					"@loader_path/Frameworks",
				);
				MARKETING_VERSION = 1.0;
				PRODUCT_BUNDLE_IDENTIFIER = dev.mtfum.TwitterSpacesSearchTests;
				PRODUCT_NAME = "$(TARGET_NAME)";
				SWIFT_EMIT_LOC_STRINGS = NO;
				SWIFT_VERSION = 5.0;
				TARGETED_DEVICE_FAMILY = "1,2";
				TEST_HOST = "$(BUILT_PRODUCTS_DIR)/TwitterSpacesSearch.app/TwitterSpacesSearch";
			};
			name = Debug;
		};
		26B2CF3226D5A4410080F222 /* Release */ = {
			isa = XCBuildConfiguration;
			buildSettings = {
				ALWAYS_EMBED_SWIFT_STANDARD_LIBRARIES = YES;
				BUNDLE_LOADER = "$(TEST_HOST)";
				CODE_SIGN_STYLE = Automatic;
				CURRENT_PROJECT_VERSION = 1;
				DEVELOPMENT_TEAM = GCXLS66975;
				GENERATE_INFOPLIST_FILE = YES;
				IPHONEOS_DEPLOYMENT_TARGET = 14.0;
				LD_RUNPATH_SEARCH_PATHS = (
					"$(inherited)",
					"@executable_path/Frameworks",
					"@loader_path/Frameworks",
				);
				MARKETING_VERSION = 1.0;
				PRODUCT_BUNDLE_IDENTIFIER = dev.mtfum.TwitterSpacesSearchTests;
				PRODUCT_NAME = "$(TARGET_NAME)";
				SWIFT_EMIT_LOC_STRINGS = NO;
				SWIFT_VERSION = 5.0;
				TARGETED_DEVICE_FAMILY = "1,2";
				TEST_HOST = "$(BUILT_PRODUCTS_DIR)/TwitterSpacesSearch.app/TwitterSpacesSearch";
			};
			name = Release;
		};
		26B2CF3426D5A4410080F222 /* Debug */ = {
			isa = XCBuildConfiguration;
			buildSettings = {
				ALWAYS_EMBED_SWIFT_STANDARD_LIBRARIES = YES;
				CODE_SIGN_STYLE = Automatic;
				CURRENT_PROJECT_VERSION = 1;
				DEVELOPMENT_TEAM = GCXLS66975;
				GENERATE_INFOPLIST_FILE = YES;
				LD_RUNPATH_SEARCH_PATHS = (
					"$(inherited)",
					"@executable_path/Frameworks",
					"@loader_path/Frameworks",
				);
				MARKETING_VERSION = 1.0;
				PRODUCT_BUNDLE_IDENTIFIER = dev.mtfum.TwitterSpacesSearchUITests;
				PRODUCT_NAME = "$(TARGET_NAME)";
				SWIFT_EMIT_LOC_STRINGS = NO;
				SWIFT_VERSION = 5.0;
				TARGETED_DEVICE_FAMILY = "1,2";
				TEST_TARGET_NAME = TwitterSpacesSearch;
			};
			name = Debug;
		};
		26B2CF3526D5A4410080F222 /* Release */ = {
			isa = XCBuildConfiguration;
			buildSettings = {
				ALWAYS_EMBED_SWIFT_STANDARD_LIBRARIES = YES;
				CODE_SIGN_STYLE = Automatic;
				CURRENT_PROJECT_VERSION = 1;
				DEVELOPMENT_TEAM = GCXLS66975;
				GENERATE_INFOPLIST_FILE = YES;
				LD_RUNPATH_SEARCH_PATHS = (
					"$(inherited)",
					"@executable_path/Frameworks",
					"@loader_path/Frameworks",
				);
				MARKETING_VERSION = 1.0;
				PRODUCT_BUNDLE_IDENTIFIER = dev.mtfum.TwitterSpacesSearchUITests;
				PRODUCT_NAME = "$(TARGET_NAME)";
				SWIFT_EMIT_LOC_STRINGS = NO;
				SWIFT_VERSION = 5.0;
				TARGETED_DEVICE_FAMILY = "1,2";
				TEST_TARGET_NAME = TwitterSpacesSearch;
			};
			name = Release;
		};
/* End XCBuildConfiguration section */

/* Begin XCConfigurationList section */
		26B2CF0426D5A4400080F222 /* Build configuration list for PBXProject "TwitterSpacesSearch" */ = {
			isa = XCConfigurationList;
			buildConfigurations = (
				26B2CF2B26D5A4410080F222 /* Debug */,
				26B2CF2C26D5A4410080F222 /* Release */,
			);
			defaultConfigurationIsVisible = 0;
			defaultConfigurationName = Release;
		};
		26B2CF2D26D5A4410080F222 /* Build configuration list for PBXNativeTarget "TwitterSpacesSearch" */ = {
			isa = XCConfigurationList;
			buildConfigurations = (
				26B2CF2E26D5A4410080F222 /* Debug */,
				26B2CF2F26D5A4410080F222 /* Release */,
			);
			defaultConfigurationIsVisible = 0;
			defaultConfigurationName = Release;
		};
		26B2CF3026D5A4410080F222 /* Build configuration list for PBXNativeTarget "TwitterSpacesSearchTests" */ = {
			isa = XCConfigurationList;
			buildConfigurations = (
				26B2CF3126D5A4410080F222 /* Debug */,
				26B2CF3226D5A4410080F222 /* Release */,
			);
			defaultConfigurationIsVisible = 0;
			defaultConfigurationName = Release;
		};
		26B2CF3326D5A4410080F222 /* Build configuration list for PBXNativeTarget "TwitterSpacesSearchUITests" */ = {
			isa = XCConfigurationList;
			buildConfigurations = (
				26B2CF3426D5A4410080F222 /* Debug */,
				26B2CF3526D5A4410080F222 /* Release */,
			);
			defaultConfigurationIsVisible = 0;
			defaultConfigurationName = Release;
		};
/* End XCConfigurationList section */
	};
	rootObject = 26B2CF0126D5A4400080F222 /* Project object */;
}
